{
  "name": "nanodot",
  "version": "0.1.0",
  "lockfileVersion": 3,
  "requires": true,
  "packages": {
    "": {
      "name": "nanodot",
      "version": "0.1.0",
      "license": "MIT",
      "os": [
        "darwin",
        "linux"
      ],
      "bin": {
        "nanodot": "bin/nanodot.cjs"
      },
      "engines": {
        "node": ">=22"
      }
    }
  }
}
